
Microsoft Visual Studio Solution File, Format Version 12.00
# SQL Server Management Studio Version 22
VisualStudioVersion = 18.3.11527.330 d18.3
MinimumVisualStudioVersion = 10.0.40219.1
Project("{FAE04EC0-301F-11D3-BF4B-00C04F79EFBC}") = "TourGuideMauiApp", "TourGuideMauiApp\TourGuideMauiApp.csproj", "{3A1CEFC5-645C-4C67-8FAF-60ED8FBA111A}"
EndProject
Global
	GlobalSection(SolutionConfigurationPlatforms) = preSolution
		Debug|Any CPU = Debug|Any CPU
		Default|Any CPU = Default|Any CPU
		Release|Any CPU = Release|Any CPU
	EndGlobalSection
	GlobalSection(ProjectConfigurationPlatforms) = postSolution
		{3A1CEFC5-645C-4C67-8FAF-60ED8FBA111A}.Debug|Any CPU.ActiveCfg = Debug|Any CPU
		{3A1CEFC5-645C-4C67-8FAF-60ED8FBA111A}.Debug|Any CPU.Build.0 = Debug|Any CPU
		{3A1CEFC5-645C-4C67-8FAF-60ED8FBA111A}.Default|Any CPU.ActiveCfg = Release|Any CPU
		{3A1CEFC5-645C-4C67-8FAF-60ED8FBA111A}.Release|Any CPU.ActiveCfg = Release|Any CPU
		{3A1CEFC5-645C-4C67-8FAF-60ED8FBA111A}.Release|Any CPU.Build.0 = Release|Any CPU
		{8B7024AA-43F4-40C8-8A57-A3B6448ABFB6}.Debug|Any CPU.ActiveCfg = Default
		{8B7024AA-43F4-40C8-8A57-A3B6448ABFB6}.Default|Any CPU.ActiveCfg = Default
		{8B7024AA-43F4-40C8-8A57-A3B6448ABFB6}.Release|Any CPU.ActiveCfg = Default
	EndGlobalSection
	GlobalSection(SolutionProperties) = preSolution
		HideSolutionNode = FALSE
	EndGlobalSection
	GlobalSection(ExtensibilityGlobals) = postSolution
		SolutionGuid = {33EDACBE-0BEA-4318-A935-DC57B1C502A7}
	EndGlobalSection
EndGlobal
